
Microsoft Visual Studio Solution File, Format Version 11.00
# Visual Studio 2010
Project("{FAE04EC0-301F-11D3-BF4B-00C04F79EFBC}") = "ETravel.Coffee", "ETravel.Coffee\ETravel.Coffee.csproj", "{F427A006-AD46-4D31-92D2-3501202ACACB}"
EndProject
Global
	GlobalSection(SolutionConfigurationPlatforms) = preSolution
		Debug|Any CPU = Debug|Any CPU
		Release|Any CPU = Release|Any CPU
	EndGlobalSection
	GlobalSection(ProjectConfigurationPlatforms) = postSolution
		{F427A006-AD46-4D31-92D2-3501202ACACB}.Debug|Any CPU.ActiveCfg = Debug|Any CPU
		{F427A006-AD46-4D31-92D2-3501202ACACB}.Debug|Any CPU.Build.0 = Debug|Any CPU
		{F427A006-AD46-4D31-92D2-3501202ACACB}.Release|Any CPU.ActiveCfg = Release|Any CPU
		{F427A006-AD46-4D31-92D2-3501202ACACB}.Release|Any CPU.Build.0 = Release|Any CPU
	EndGlobalSection
	GlobalSection(SolutionProperties) = preSolution
		HideSolutionNode = FALSE
	EndGlobalSection
EndGlobal
